
Microsoft Visual Studio Solution File, Format Version 12.00
# Visual Studio 15
VisualStudioVersion = 15.0.28010.2016
MinimumVisualStudioVersion = 10.0.40219.1
Project("{FAE04EC0-301F-11D3-BF4B-00C04F79EFBC}") = "TTMulti", "TTMulti.csproj", "{6420AEA4-282A-4ACF-8355-C97210826C60}"
EndProject
Global
	GlobalSection(SolutionConfigurationPlatforms) = preSolution
		Debug|Any CPU = Debug|Any CPU
		Debug|Mixed Platforms = Debug|Mixed Platforms
		Debug|Win32 = Debug|Win32
		Release|Any CPU = Release|Any CPU
		Release|Mixed Platforms = Release|Mixed Platforms
		Release|Win32 = Release|Win32
	EndGlobalSection
	GlobalSection(ProjectConfigurationPlatforms) = postSolution
		{6420AEA4-282A-4ACF-8355-C97210826C60}.Debug|Any CPU.ActiveCfg = Debug|Any CPU
		{6420AEA4-282A-4ACF-8355-C97210826C60}.Debug|Any CPU.Build.0 = Debug|Any CPU
		{6420AEA4-282A-4ACF-8355-C97210826C60}.Debug|Mixed Platforms.ActiveCfg = Debug|Any CPU
		{6420AEA4-282A-4ACF-8355-C97210826C60}.Debug|Mixed Platforms.Build.0 = Debug|Any CPU
		{6420AEA4-282A-4ACF-8355-C97210826C60}.Debug|Win32.ActiveCfg = Debug|Any CPU
		{6420AEA4-282A-4ACF-8355-C97210826C60}.Release|Any CPU.ActiveCfg = Release|Any CPU
		{6420AEA4-282A-4ACF-8355-C97210826C60}.Release|Any CPU.Build.0 = Release|Any CPU
		{6420AEA4-282A-4ACF-8355-C97210826C60}.Release|Mixed Platforms.ActiveCfg = Release|Any CPU
		{6420AEA4-282A-4ACF-8355-C97210826C60}.Release|Mixed Platforms.Build.0 = Release|Any CPU
		{6420AEA4-282A-4ACF-8355-C97210826C60}.Release|Win32.ActiveCfg = Release|Any CPU
	EndGlobalSection
	GlobalSection(SolutionProperties) = preSolution
		HideSolutionNode = FALSE
	EndGlobalSection
	GlobalSection(ExtensibilityGlobals) = postSolution
		SolutionGuid = {207F1A87-A9E5-4789-8B25-97940069A481}
	EndGlobalSection
EndGlobal
